{
  "requires": true,
  "lockfileVersion": 1,
  "dependencies": {
    "js-md5": {
      "version": "0.7.3",
      "resolved": "https://registry.npmjs.org/js-md5/-/js-md5-0.7.3.tgz",
      "integrity": "sha512-ZC41vPSTLKGwIRjqDh8DfXoCrdQIyBgspJVPXHBGu4nZlAEvG3nf+jO9avM9RmLiGakg7vz974ms99nEV0tmTQ=="
    },
    "jweixin-module": {
      "version": "1.6.0",
      "resolved": "https://registry.npmjs.org/jweixin-module/-/jweixin-module-1.6.0.tgz",
      "integrity": "sha512-dGk9cf+ipipHmtzYmKZs5B2toX+p4hLyllGLF6xuC8t+B05oYxd8fYoaRz0T30U2n3RUv8a4iwvjhA+OcYz52w=="
    },
    "vue-jsonp": {
      "version": "0.1.8",
      "resolved": "https://registry.npmjs.org/vue-jsonp/-/vue-jsonp-0.1.8.tgz",
      "integrity": "sha512-ebxvjHl5D7bv5Z7SeRzZUAPOSRMx+RiAeej7h6dPpbtk8MVz/b3n9fOZ8AAVmakb1pe36e+qG0J+K49a3LfpKA=="
    }
  }
}
